
Microsoft Visual Studio Solution File, Format Version 12.00
# Visual Studio 14
VisualStudioVersion = 14.0.24720.0
MinimumVisualStudioVersion = 10.0.40219.1
Project("{F184B08F-C81C-45F6-A57F-5ABD9991F28F}") = "ncarlson1b2", "ncarlson1b2\ncarlson1b2.vbproj", "{3E747D4E-C9F9-40AC-A6A3-24691F1697C7}"
EndProject
Project("{F184B08F-C81C-45F6-A57F-5ABD9991F28F}") = "ncarlson1c1", "ncarlson1c1\ncarlson1c1.vbproj", "{71221B35-69BB-467C-BA98-203EFBD96688}"
EndProject
Project("{F184B08F-C81C-45F6-A57F-5ABD9991F28F}") = "ncarlson1d1", "excersise1d1\ncarlson1d1.vbproj", "{7691698E-10E6-4345-BDAA-97C98B4DAACE}"
EndProject
Project("{F184B08F-C81C-45F6-A57F-5ABD9991F28F}") = "ncarlson1e1", "ncarlson1e1\ncarlson1e1.vbproj", "{6561F37D-DF96-41A1-B742-827B6202DC59}"
EndProject
Project("{F184B08F-C81C-45F6-A57F-5ABD9991F28F}") = "ncarlson1f1", "ncarlson1f1\ncarlson1f1.vbproj", "{89B700A4-B176-4F49-99C6-D4BC5E45BA4B}"
EndProject
Project("{F184B08F-C81C-45F6-A57F-5ABD9991F28F}") = "ncarlson1g1", "ncarlson1g1\ncarlson1g1.vbproj", "{0304C14F-A42D-4A27-8895-59584B1322BD}"
EndProject
Project("{F184B08F-C81C-45F6-A57F-5ABD9991F28F}") = "ncarlson1h1", "ncarlson1h1\ncarlson1h1.vbproj", "{62B1A57F-8979-4C10-AFD2-F3E15C09F1C2}"
EndProject
Project("{F184B08F-C81C-45F6-A57F-5ABD9991F28F}") = "ncarlson2a1", "ncarlson2a1\ncarlson2a1.vbproj", "{FB2CE9CE-0164-4C01-952C-BEC60FB5903F}"
EndProject
Project("{F184B08F-C81C-45F6-A57F-5ABD9991F28F}") = "ncarlson2b1", "ncarlson2b1\ncarlson2b1.vbproj", "{E2A236E7-7B03-4169-9025-5022DF2EEDCB}"
EndProject
Project("{F184B08F-C81C-45F6-A57F-5ABD9991F28F}") = "ncarlson2c1", "ncarlson2c1\ncarlson2c1.vbproj", "{3D6788C4-D4D3-4A63-97CA-9D389AE6585E}"
EndProject
Project("{F184B08F-C81C-45F6-A57F-5ABD9991F28F}") = "ncarlson2d1", "ncarlson2d1\ncarlson2d1.vbproj", "{75BE6FA6-902D-4ABD-87D6-78FA3825A380}"
EndProject
Project("{F184B08F-C81C-45F6-A57F-5ABD9991F28F}") = "ncarlson2f1", "ncarson2f1\ncarlson2f1.vbproj", "{78F6264D-D898-4ADB-B04E-313E7B40952A}"
EndProject
Project("{F184B08F-C81C-45F6-A57F-5ABD9991F28F}") = "ncarlson2e1", "ncarlson2e1\ncarlson2e1.vbproj", "{7148594E-B655-452B-8FC6-5AD85EB6BEFF}"
EndProject
Project("{F184B08F-C81C-45F6-A57F-5ABD9991F28F}") = "ncarlson2g1", "ncarlson2g1\ncarlson2g1.vbproj", "{B448F313-7C90-44A9-AF5D-8632D3A0B73F}"
EndProject
Project("{F184B08F-C81C-45F6-A57F-5ABD9991F28F}") = "ncarlson2h1", "ncarlson2h1\ncarlson2h1.vbproj", "{05922FB9-B718-43D4-AF1B-E6EFC3B57C3E}"
EndProject
Project("{F184B08F-C81C-45F6-A57F-5ABD9991F28F}") = "ncarlson2i1", "ncarlson2i1\ncarlson2i1.vbproj", "{3D451878-B76A-498F-8F7B-F89DED8CC1D3}"
EndProject
Project("{F184B08F-C81C-45F6-A57F-5ABD9991F28F}") = "ncarlson2j1", "ncarlson2j1\ncarlson2j1.vbproj", "{58753749-2498-4BD0-8B25-D280A42D40A5}"
EndProject
Project("{F184B08F-C81C-45F6-A57F-5ABD9991F28F}") = "ncarlson3a1", "ncarlson3a1\ncarlson3a1.vbproj", "{E5792E51-50E5-4EE8-A15D-7FA10D89DCA3}"
EndProject
Project("{F184B08F-C81C-45F6-A57F-5ABD9991F28F}") = "ncarlson3c1", "ncarlson3c1\ncarlson3c1.vbproj", "{82717D88-65BF-4518-8ADB-805169077AF6}"
EndProject
Project("{F184B08F-C81C-45F6-A57F-5ABD9991F28F}") = "ncarlson3d1", "ncarlson3d1\ncarlson3d1.vbproj", "{1C4D3DC8-692B-4F9F-8982-D645F262A756}"
EndProject
Global
	GlobalSection(SolutionConfigurationPlatforms) = preSolution
		Debug|Any CPU = Debug|Any CPU
		Release|Any CPU = Release|Any CPU
	EndGlobalSection
	GlobalSection(ProjectConfigurationPlatforms) = postSolution
		{3E747D4E-C9F9-40AC-A6A3-24691F1697C7}.Debug|Any CPU.ActiveCfg = Debug|Any CPU
		{3E747D4E-C9F9-40AC-A6A3-24691F1697C7}.Debug|Any CPU.Build.0 = Debug|Any CPU
		{3E747D4E-C9F9-40AC-A6A3-24691F1697C7}.Release|Any CPU.ActiveCfg = Release|Any CPU
		{3E747D4E-C9F9-40AC-A6A3-24691F1697C7}.Release|Any CPU.Build.0 = Release|Any CPU
		{71221B35-69BB-467C-BA98-203EFBD96688}.Debug|Any CPU.ActiveCfg = Debug|Any CPU
		{71221B35-69BB-467C-BA98-203EFBD96688}.Debug|Any CPU.Build.0 = Debug|Any CPU
		{71221B35-69BB-467C-BA98-203EFBD96688}.Release|Any CPU.ActiveCfg = Release|Any CPU
		{71221B35-69BB-467C-BA98-203EFBD96688}.Release|Any CPU.Build.0 = Release|Any CPU
		{7691698E-10E6-4345-BDAA-97C98B4DAACE}.Debug|Any CPU.ActiveCfg = Debug|Any CPU
		{7691698E-10E6-4345-BDAA-97C98B4DAACE}.Debug|Any CPU.Build.0 = Debug|Any CPU
		{7691698E-10E6-4345-BDAA-97C98B4DAACE}.Release|Any CPU.ActiveCfg = Release|Any CPU
		{7691698E-10E6-4345-BDAA-97C98B4DAACE}.Release|Any CPU.Build.0 = Release|Any CPU
		{6561F37D-DF96-41A1-B742-827B6202DC59}.Debug|Any CPU.ActiveCfg = Debug|Any CPU
		{6561F37D-DF96-41A1-B742-827B6202DC59}.Debug|Any CPU.Build.0 = Debug|Any CPU
		{6561F37D-DF96-41A1-B742-827B6202DC59}.Release|Any CPU.ActiveCfg = Release|Any CPU
		{6561F37D-DF96-41A1-B742-827B6202DC59}.Release|Any CPU.Build.0 = Release|Any CPU
		{89B700A4-B176-4F49-99C6-D4BC5E45BA4B}.Debug|Any CPU.ActiveCfg = Debug|Any CPU
		{89B700A4-B176-4F49-99C6-D4BC5E45BA4B}.Debug|Any CPU.Build.0 = Debug|Any CPU
		{89B700A4-B176-4F49-99C6-D4BC5E45BA4B}.Release|Any CPU.ActiveCfg = Release|Any CPU
		{89B700A4-B176-4F49-99C6-D4BC5E45BA4B}.Release|Any CPU.Build.0 = Release|Any CPU
		{0304C14F-A42D-4A27-8895-59584B1322BD}.Debug|Any CPU.ActiveCfg = Debug|Any CPU
		{0304C14F-A42D-4A27-8895-59584B1322BD}.Debug|Any CPU.Build.0 = Debug|Any CPU
		{0304C14F-A42D-4A27-8895-59584B1322BD}.Release|Any CPU.ActiveCfg = Release|Any CPU
		{0304C14F-A42D-4A27-8895-59584B1322BD}.Release|Any CPU.Build.0 = Release|Any CPU
		{62B1A57F-8979-4C10-AFD2-F3E15C09F1C2}.Debug|Any CPU.ActiveCfg = Debug|Any CPU
		{62B1A57F-8979-4C10-AFD2-F3E15C09F1C2}.Debug|Any CPU.Build.0 = Debug|Any CPU
		{62B1A57F-8979-4C10-AFD2-F3E15C09F1C2}.Release|Any CPU.ActiveCfg = Release|Any CPU
		{62B1A57F-8979-4C10-AFD2-F3E15C09F1C2}.Release|Any CPU.Build.0 = Release|Any CPU
		{FB2CE9CE-0164-4C01-952C-BEC60FB5903F}.Debug|Any CPU.ActiveCfg = Debug|Any CPU
		{FB2CE9CE-0164-4C01-952C-BEC60FB5903F}.Debug|Any CPU.Build.0 = Debug|Any CPU
		{FB2CE9CE-0164-4C01-952C-BEC60FB5903F}.Release|Any CPU.ActiveCfg = Release|Any CPU
		{FB2CE9CE-0164-4C01-952C-BEC60FB5903F}.Release|Any CPU.Build.0 = Release|Any CPU
		{E2A236E7-7B03-4169-9025-5022DF2EEDCB}.Debug|Any CPU.ActiveCfg = Debug|Any CPU
		{E2A236E7-7B03-4169-9025-5022DF2EEDCB}.Debug|Any CPU.Build.0 = Debug|Any CPU
		{E2A236E7-7B03-4169-9025-5022DF2EEDCB}.Release|Any CPU.ActiveCfg = Release|Any CPU
		{E2A236E7-7B03-4169-9025-5022DF2EEDCB}.Release|Any CPU.Build.0 = Release|Any CPU
		{3D6788C4-D4D3-4A63-97CA-9D389AE6585E}.Debug|Any CPU.ActiveCfg = Debug|Any CPU
		{3D6788C4-D4D3-4A63-97CA-9D389AE6585E}.Debug|Any CPU.Build.0 = Debug|Any CPU
		{3D6788C4-D4D3-4A63-97CA-9D389AE6585E}.Release|Any CPU.ActiveCfg = Release|Any CPU
		{3D6788C4-D4D3-4A63-97CA-9D389AE6585E}.Release|Any CPU.Build.0 = Release|Any CPU
		{75BE6FA6-902D-4ABD-87D6-78FA3825A380}.Debug|Any CPU.ActiveCfg = Debug|Any CPU
		{75BE6FA6-902D-4ABD-87D6-78FA3825A380}.Debug|Any CPU.Build.0 = Debug|Any CPU
		{75BE6FA6-902D-4ABD-87D6-78FA3825A380}.Release|Any CPU.ActiveCfg = Release|Any CPU
		{75BE6FA6-902D-4ABD-87D6-78FA3825A380}.Release|Any CPU.Build.0 = Release|Any CPU
		{78F6264D-D898-4ADB-B04E-313E7B40952A}.Debug|Any CPU.ActiveCfg = Debug|Any CPU
		{78F6264D-D898-4ADB-B04E-313E7B40952A}.Debug|Any CPU.Build.0 = Debug|Any CPU
		{78F6264D-D898-4ADB-B04E-313E7B40952A}.Release|Any CPU.ActiveCfg = Release|Any CPU
		{78F6264D-D898-4ADB-B04E-313E7B40952A}.Release|Any CPU.Build.0 = Release|Any CPU
		{7148594E-B655-452B-8FC6-5AD85EB6BEFF}.Debug|Any CPU.ActiveCfg = Debug|Any CPU
		{7148594E-B655-452B-8FC6-5AD85EB6BEFF}.Debug|Any CPU.Build.0 = Debug|Any CPU
		{7148594E-B655-452B-8FC6-5AD85EB6BEFF}.Release|Any CPU.ActiveCfg = Release|Any CPU
		{7148594E-B655-452B-8FC6-5AD85EB6BEFF}.Release|Any CPU.Build.0 = Release|Any CPU
		{B448F313-7C90-44A9-AF5D-8632D3A0B73F}.Debug|Any CPU.ActiveCfg = Debug|Any CPU
		{B448F313-7C90-44A9-AF5D-8632D3A0B73F}.Debug|Any CPU.Build.0 = Debug|Any CPU
		{B448F313-7C90-44A9-AF5D-8632D3A0B73F}.Release|Any CPU.ActiveCfg = Release|Any CPU
		{B448F313-7C90-44A9-AF5D-8632D3A0B73F}.Release|Any CPU.Build.0 = Release|Any CPU
		{05922FB9-B718-43D4-AF1B-E6EFC3B57C3E}.Debug|Any CPU.ActiveCfg = Debug|Any CPU
		{05922FB9-B718-43D4-AF1B-E6EFC3B57C3E}.Debug|Any CPU.Build.0 = Debug|Any CPU
		{05922FB9-B718-43D4-AF1B-E6EFC3B57C3E}.Release|Any CPU.ActiveCfg = Release|Any CPU
		{05922FB9-B718-43D4-AF1B-E6EFC3B57C3E}.Release|Any CPU.Build.0 = Release|Any CPU
		{3D451878-B76A-498F-8F7B-F89DED8CC1D3}.Debug|Any CPU.ActiveCfg = Debug|Any CPU
		{3D451878-B76A-498F-8F7B-F89DED8CC1D3}.Debug|Any CPU.Build.0 = Debug|Any CPU
		{3D451878-B76A-498F-8F7B-F89DED8CC1D3}.Release|Any CPU.ActiveCfg = Release|Any CPU
		{3D451878-B76A-498F-8F7B-F89DED8CC1D3}.Release|Any CPU.Build.0 = Release|Any CPU
		{58753749-2498-4BD0-8B25-D280A42D40A5}.Debug|Any CPU.ActiveCfg = Debug|Any CPU
		{58753749-2498-4BD0-8B25-D280A42D40A5}.Debug|Any CPU.Build.0 = Debug|Any CPU
		{58753749-2498-4BD0-8B25-D280A42D40A5}.Release|Any CPU.ActiveCfg = Release|Any CPU
		{58753749-2498-4BD0-8B25-D280A42D40A5}.Release|Any CPU.Build.0 = Release|Any CPU
		{E5792E51-50E5-4EE8-A15D-7FA10D89DCA3}.Debug|Any CPU.ActiveCfg = Debug|Any CPU
		{E5792E51-50E5-4EE8-A15D-7FA10D89DCA3}.Debug|Any CPU.Build.0 = Debug|Any CPU
		{E5792E51-50E5-4EE8-A15D-7FA10D89DCA3}.Release|Any CPU.ActiveCfg = Release|Any CPU
		{E5792E51-50E5-4EE8-A15D-7FA10D89DCA3}.Release|Any CPU.Build.0 = Release|Any CPU
		{82717D88-65BF-4518-8ADB-805169077AF6}.Debug|Any CPU.ActiveCfg = Debug|Any CPU
		{82717D88-65BF-4518-8ADB-805169077AF6}.Debug|Any CPU.Build.0 = Debug|Any CPU
		{82717D88-65BF-4518-8ADB-805169077AF6}.Release|Any CPU.ActiveCfg = Release|Any CPU
		{82717D88-65BF-4518-8ADB-805169077AF6}.Release|Any CPU.Build.0 = Release|Any CPU
		{1C4D3DC8-692B-4F9F-8982-D645F262A756}.Debug|Any CPU.ActiveCfg = Debug|Any CPU
		{1C4D3DC8-692B-4F9F-8982-D645F262A756}.Debug|Any CPU.Build.0 = Debug|Any CPU
		{1C4D3DC8-692B-4F9F-8982-D645F262A756}.Release|Any CPU.ActiveCfg = Release|Any CPU
		{1C4D3DC8-692B-4F9F-8982-D645F262A756}.Release|Any CPU.Build.0 = Release|Any CPU
	EndGlobalSection
	GlobalSection(SolutionProperties) = preSolution
		HideSolutionNode = FALSE
	EndGlobalSection
EndGlobal
